{
	"name": "@actionsflow/trigger-npm",
	"version": "1.10.0",
	"lockfileVersion": 2,
	"requires": true,
	"packages": {
		"": {
			"name": "@actionsflow/trigger-npm",
			"version": "1.9.1",
			"license": "MIT",
			"dependencies": {
				"tslib": "^2.0.3"
			}
		},
		"node_modules/tslib": {
			"version": "2.3.1",
			"resolved": "https://registry.npmjs.org/tslib/-/tslib-2.3.1.tgz",
			"integrity": "sha512-77EbyPPpMz+FRFRuAFlWMtmgUWGe9UOG2Z25NqCwiIjRhOf5iKGuzSe5P2w1laq+FkRy4p+PCuVkJSGkzTEKVw=="
		}
	},
	"dependencies": {
		"tslib": {
			"version": "2.3.1",
			"resolved": "https://registry.npmjs.org/tslib/-/tslib-2.3.1.tgz",
			"integrity": "sha512-77EbyPPpMz+FRFRuAFlWMtmgUWGe9UOG2Z25NqCwiIjRhOf5iKGuzSe5P2w1laq+FkRy4p+PCuVkJSGkzTEKVw=="
		}
	}
}
